
Microsoft Visual Studio Solution File, Format Version 12.00
# Visual Studio Version 16
VisualStudioVersion = 16.0.33027.164
MinimumVisualStudioVersion = 10.0.40219.1
Project("{FAE04EC0-301F-11D3-BF4B-00C04F79EFBC}") = "LCDBatteryChecker", "LCDBatteryChecker\LCDBatteryChecker.csproj", "{8CD3992D-571C-444C-8DB4-BD62C3DBE7A7}"
EndProject
Project("{2150E333-8FDC-42A3-9474-1A3956D46DE8}") = "Solution Items", "Solution Items", "{DCCD4BAB-0E7C-4EAF-B9D3-535EA86CB712}"
	ProjectSection(SolutionItems) = preProject
		..\README.md = ..\README.md
	EndProjectSection
EndProject
Project("{FAE04EC0-301F-11D3-BF4B-00C04F79EFBC}") = "InventoryStatusPresenter", "InventoryStatusPresenter\InventoryStatusPresenter.csproj", "{6E2B0A04-E460-4B61-9268-E95CFBB3F117}"
EndProject
Project("{FAE04EC0-301F-11D3-BF4B-00C04F79EFBC}") = "AutopilotBasic", "AutopilotBasic\AutopilotBasic.csproj", "{45B476F4-7387-4E7E-9D6F-86A5EE608FDD}"
EndProject
Project("{FAE04EC0-301F-11D3-BF4B-00C04F79EFBC}") = "GuideStationManager", "GuideStationManager\GuideStationManager.csproj", "{CCD4C110-F734-40E6-8D3E-8D55D52FB142}"
EndProject
Project("{FAE04EC0-301F-11D3-BF4B-00C04F79EFBC}") = "AirRouteRecorder", "AirRouteRecorder\AirRouteRecorder.csproj", "{2513D309-1EA5-4067-98BA-6895D693DD6F}"
EndProject
Global
	GlobalSection(SolutionConfigurationPlatforms) = preSolution
		Debug|x64 = Debug|x64
	EndGlobalSection
	GlobalSection(ProjectConfigurationPlatforms) = postSolution
		{8CD3992D-571C-444C-8DB4-BD62C3DBE7A7}.Debug|x64.ActiveCfg = Debug|x64
		{8CD3992D-571C-444C-8DB4-BD62C3DBE7A7}.Debug|x64.Build.0 = Debug|x64
		{6E2B0A04-E460-4B61-9268-E95CFBB3F117}.Debug|x64.ActiveCfg = Debug|x64
		{6E2B0A04-E460-4B61-9268-E95CFBB3F117}.Debug|x64.Build.0 = Debug|x64
		{45B476F4-7387-4E7E-9D6F-86A5EE608FDD}.Debug|x64.ActiveCfg = Debug|x64
		{45B476F4-7387-4E7E-9D6F-86A5EE608FDD}.Debug|x64.Build.0 = Debug|x64
		{CCD4C110-F734-40E6-8D3E-8D55D52FB142}.Debug|x64.ActiveCfg = Debug|x64
		{CCD4C110-F734-40E6-8D3E-8D55D52FB142}.Debug|x64.Build.0 = Debug|x64
		{2513D309-1EA5-4067-98BA-6895D693DD6F}.Debug|x64.ActiveCfg = Debug|x64
		{2513D309-1EA5-4067-98BA-6895D693DD6F}.Debug|x64.Build.0 = Debug|x64
	EndGlobalSection
	GlobalSection(SolutionProperties) = preSolution
		HideSolutionNode = FALSE
	EndGlobalSection
	GlobalSection(ExtensibilityGlobals) = postSolution
		SolutionGuid = {D3D04E03-F31B-48C8-BDF2-F75BFB043E9B}
	EndGlobalSection
EndGlobal
